
Microsoft Visual Studio Solution File, Format Version 12.00
Project("{FAE04EC0-301F-11D3-BF4B-00C04F79EFBC}") = "EchoesOfSerenity", "EchoesOfSerenity\EchoesOfSerenity.csproj", "{1331EBA8-73AA-4E0F-A41F-7AC55BA0EB1A}"
EndProject
Global
	GlobalSection(SolutionConfigurationPlatforms) = preSolution
		Debug|Any CPU = Debug|Any CPU
		Release|Any CPU = Release|Any CPU
	EndGlobalSection
	GlobalSection(ProjectConfigurationPlatforms) = postSolution
		{1331EBA8-73AA-4E0F-A41F-7AC55BA0EB1A}.Debug|Any CPU.ActiveCfg = Debug|Any CPU
		{1331EBA8-73AA-4E0F-A41F-7AC55BA0EB1A}.Debug|Any CPU.Build.0 = Debug|Any CPU
		{1331EBA8-73AA-4E0F-A41F-7AC55BA0EB1A}.Release|Any CPU.ActiveCfg = Release|Any CPU
		{1331EBA8-73AA-4E0F-A41F-7AC55BA0EB1A}.Release|Any CPU.Build.0 = Release|Any CPU
	EndGlobalSection
EndGlobal
